// !$*UTF8*$!
{
	archiveVersion = 1;
	classes = {
	};
	objectVersion = 48;
	objects = {

/* Begin PBXBuildFile section */
		50EC927D37527C3C1839FB1E /* Pods_Todoey3.framework in Frameworks */ = {isa = PBXBuildFile; fileRef = 00700346C4E2E65C56A87210 /* Pods_Todoey3.framework */; };
		C733C49020B0B9840057D30A /* CategoryViewController.swift in Sources */ = {isa = PBXBuildFile; fileRef = C733C48F20B0B9840057D30A /* CategoryViewController.swift */; };
		C7549A6F20A0F11400D5F8D5 /* AppDelegate.swift in Sources */ = {isa = PBXBuildFile; fileRef = C7549A6E20A0F11400D5F8D5 /* AppDelegate.swift */; };
		C7549A7120A0F11400D5F8D5 /* TodoListViewController.swift in Sources */ = {isa = PBXBuildFile; fileRef = C7549A7020A0F11400D5F8D5 /* TodoListViewController.swift */; };
		C7549A7420A0F11400D5F8D5 /* Main.storyboard in Resources */ = {isa = PBXBuildFile; fileRef = C7549A7220A0F11400D5F8D5 /* Main.storyboard */; };
		C7549A7620A0F11400D5F8D5 /* Assets.xcassets in Resources */ = {isa = PBXBuildFile; fileRef = C7549A7520A0F11400D5F8D5 /* Assets.xcassets */; };
		C7549A7920A0F11400D5F8D5 /* LaunchScreen.storyboard in Resources */ = {isa = PBXBuildFile; fileRef = C7549A7720A0F11400D5F8D5 /* LaunchScreen.storyboard */; };
		C75F84CF20B37F6F0023E44D /* Item.swift in Sources */ = {isa = PBXBuildFile; fileRef = C75F84CE20B37F6F0023E44D /* Item.swift */; };
		C75F84D120B37F7D0023E44D /* Category.swift in Sources */ = {isa = PBXBuildFile; fileRef = C75F84D020B37F7D0023E44D /* Category.swift */; };
/* End PBXBuildFile section */

/* Begin PBXFileReference section */
		00700346C4E2E65C56A87210 /* Pods_Todoey3.framework */ = {isa = PBXFileReference; explicitFileType = wrapper.framework; includeInIndex = 0; path = Pods_Todoey3.framework; sourceTree = BUILT_PRODUCTS_DIR; };
		08256E7279D0A7BDD5FCA848 /* Pods-Todoey3.debug.xcconfig */ = {isa = PBXFileReference; includeInIndex = 1; lastKnownFileType = text.xcconfig; name = "Pods-Todoey3.debug.xcconfig"; path = "Pods/Target Support Files/Pods-Todoey3/Pods-Todoey3.debug.xcconfig"; sourceTree = "<group>"; };
		388CB4B083ADBB7EBAD1E561 /* Pods-Todoey3.release.xcconfig */ = {isa = PBXFileReference; includeInIndex = 1; lastKnownFileType = text.xcconfig; name = "Pods-Todoey3.release.xcconfig"; path = "Pods/Target Support Files/Pods-Todoey3/Pods-Todoey3.release.xcconfig"; sourceTree = "<group>"; };
		C733C48F20B0B9840057D30A /* CategoryViewController.swift */ = {isa = PBXFileReference; lastKnownFileType = sourcecode.swift; path = CategoryViewController.swift; sourceTree = "<group>"; };
		C7549A6B20A0F11400D5F8D5 /* Todoey3.app */ = {isa = PBXFileReference; explicitFileType = wrapper.application; includeInIndex = 0; path = Todoey3.app; sourceTree = BUILT_PRODUCTS_DIR; };
		C7549A6E20A0F11400D5F8D5 /* AppDelegate.swift */ = {isa = PBXFileReference; lastKnownFileType = sourcecode.swift; path = AppDelegate.swift; sourceTree = "<group>"; };
		C7549A7020A0F11400D5F8D5 /* TodoListViewController.swift */ = {isa = PBXFileReference; lastKnownFileType = sourcecode.swift; path = TodoListViewController.swift; sourceTree = "<group>"; };
		C7549A7320A0F11400D5F8D5 /* Base */ = {isa = PBXFileReference; lastKnownFileType = file.storyboard; name = Base; path = Base.lproj/Main.storyboard; sourceTree = "<group>"; };
		C7549A7520A0F11400D5F8D5 /* Assets.xcassets */ = {isa = PBXFileReference; lastKnownFileType = folder.assetcatalog; path = Assets.xcassets; sourceTree = "<group>"; };
		C7549A7820A0F11400D5F8D5 /* Base */ = {isa = PBXFileReference; lastKnownFileType = file.storyboard; name = Base; path = Base.lproj/LaunchScreen.storyboard; sourceTree = "<group>"; };
		C7549A7A20A0F11400D5F8D5 /* Info.plist */ = {isa = PBXFileReference; lastKnownFileType = text.plist.xml; path = Info.plist; sourceTree = "<group>"; };
		C75F84CE20B37F6F0023E44D /* Item.swift */ = {isa = PBXFileReference; lastKnownFileType = sourcecode.swift; path = Item.swift; sourceTree = "<group>"; };
		C75F84D020B37F7D0023E44D /* Category.swift */ = {isa = PBXFileReference; lastKnownFileType = sourcecode.swift; path = Category.swift; sourceTree = "<group>"; };
/* End PBXFileReference section */

/* Begin PBXFrameworksBuildPhase section */
		C7549A6820A0F11400D5F8D5 /* Frameworks */ = {
			isa = PBXFrameworksBuildPhase;
			buildActionMask = 2147483647;
			files = (
				50EC927D37527C3C1839FB1E /* Pods_Todoey3.framework in Frameworks */,
			);
			runOnlyForDeploymentPostprocessing = 0;
		};
/* End PBXFrameworksBuildPhase section */

/* Begin PBXGroup section */
		0A515A9F4D97B056EDBF7E4A /* Frameworks */ = {
			isa = PBXGroup;
			children = (
				00700346C4E2E65C56A87210 /* Pods_Todoey3.framework */,
			);
			name = Frameworks;
			sourceTree = "<group>";
		};
		C71E1C8720A633A10065BB3A /* Data Model */ = {
			isa = PBXGroup;
			children = (
				C75F84D020B37F7D0023E44D /* Category.swift */,
				C75F84CE20B37F6F0023E44D /* Item.swift */,
			);
			path = "Data Model";
			sourceTree = "<group>";
		};
		C71E1C8820A6342B0065BB3A /* Controller */ = {
			isa = PBXGroup;
			children = (
				C733C48F20B0B9840057D30A /* CategoryViewController.swift */,
				C7549A7020A0F11400D5F8D5 /* TodoListViewController.swift */,
			);
			path = Controller;
			sourceTree = "<group>";
		};
		C71E1C8920A6348F0065BB3A /* Views */ = {
			isa = PBXGroup;
			children = (
				C7549A7220A0F11400D5F8D5 /* Main.storyboard */,
			);
			path = Views;
			sourceTree = "<group>";
		};
		C71E1C8A20A634AA0065BB3A /* Supporting Files */ = {
			isa = PBXGroup;
			children = (
				C7549A7520A0F11400D5F8D5 /* Assets.xcassets */,
				C7549A7720A0F11400D5F8D5 /* LaunchScreen.storyboard */,
			);
			path = "Supporting Files";
			sourceTree = "<group>";
		};
		C7549A6220A0F11400D5F8D5 = {
			isa = PBXGroup;
			children = (
				C7549A6D20A0F11400D5F8D5 /* Todoey3 */,
				C7549A6C20A0F11400D5F8D5 /* Products */,
				ECCBA44FAAB7B82A80AC69A9 /* Pods */,
				0A515A9F4D97B056EDBF7E4A /* Frameworks */,
			);
			sourceTree = "<group>";
		};
		C7549A6C20A0F11400D5F8D5 /* Products */ = {
			isa = PBXGroup;
			children = (
				C7549A6B20A0F11400D5F8D5 /* Todoey3.app */,
			);
			name = Products;
			sourceTree = "<group>";
		};
		C7549A6D20A0F11400D5F8D5 /* Todoey3 */ = {
			isa = PBXGroup;
			children = (
				C7549A6E20A0F11400D5F8D5 /* AppDelegate.swift */,
				C71E1C8820A6342B0065BB3A /* Controller */,
				C71E1C8720A633A10065BB3A /* Data Model */,
				C71E1C8920A6348F0065BB3A /* Views */,
				C71E1C8A20A634AA0065BB3A /* Supporting Files */,
				C7549A7A20A0F11400D5F8D5 /* Info.plist */,
			);
			path = Todoey3;
			sourceTree = "<group>";
		};
		ECCBA44FAAB7B82A80AC69A9 /* Pods */ = {
			isa = PBXGroup;
			children = (
				08256E7279D0A7BDD5FCA848 /* Pods-Todoey3.debug.xcconfig */,
				388CB4B083ADBB7EBAD1E561 /* Pods-Todoey3.release.xcconfig */,
			);
			name = Pods;
			sourceTree = "<group>";
		};
/* End PBXGroup section */

/* Begin PBXNativeTarget section */
		C7549A6A20A0F11400D5F8D5 /* Todoey3 */ = {
			isa = PBXNativeTarget;
			buildConfigurationList = C7549A7D20A0F11400D5F8D5 /* Build configuration list for PBXNativeTarget "Todoey3" */;
			buildPhases = (
				BA7FF1717CA7222C3A223C32 /* [CP] Check Pods Manifest.lock */,
				C7549A6720A0F11400D5F8D5 /* Sources */,
				C7549A6820A0F11400D5F8D5 /* Frameworks */,
				C7549A6920A0F11400D5F8D5 /* Resources */,
				A7DDC62094F04F6571282937 /* [CP] Embed Pods Frameworks */,
			);
			buildRules = (
			);
			dependencies = (
			);
			name = Todoey3;
			productName = Todoey3;
			productReference = C7549A6B20A0F11400D5F8D5 /* Todoey3.app */;
			productType = "com.apple.product-type.application";
		};
/* End PBXNativeTarget section */

/* Begin PBXProject section */
		C7549A6320A0F11400D5F8D5 /* Project object */ = {
			isa = PBXProject;
			attributes = {
				LastSwiftUpdateCheck = 0920;
				LastUpgradeCheck = 0930;
				ORGANIZATIONNAME = "Maxime Vacher-materno";
				TargetAttributes = {
					C7549A6A20A0F11400D5F8D5 = {
						CreatedOnToolsVersion = 9.2;
						ProvisioningStyle = Automatic;
					};
				};
			};
			buildConfigurationList = C7549A6620A0F11400D5F8D5 /* Build configuration list for PBXProject "Todoey3" */;
			compatibilityVersion = "Xcode 8.0";
			developmentRegion = en;
			hasScannedForEncodings = 0;
			knownRegions = (
				en,
				Base,
			);
			mainGroup = C7549A6220A0F11400D5F8D5;
			productRefGroup = C7549A6C20A0F11400D5F8D5 /* Products */;
			projectDirPath = "";
			projectRoot = "";
			targets = (
				C7549A6A20A0F11400D5F8D5 /* Todoey3 */,
			);
		};
/* End PBXProject section */

/* Begin PBXResourcesBuildPhase section */
		C7549A6920A0F11400D5F8D5 /* Resources */ = {
			isa = PBXResourcesBuildPhase;
			buildActionMask = 2147483647;
			files = (
				C7549A7920A0F11400D5F8D5 /* LaunchScreen.storyboard in Resources */,
				C7549A7620A0F11400D5F8D5 /* Assets.xcassets in Resources */,
				C7549A7420A0F11400D5F8D5 /* Main.storyboard in Resources */,
			);
			runOnlyForDeploymentPostprocessing = 0;
		};
/* End PBXResourcesBuildPhase section */

/* Begin PBXShellScriptBuildPhase section */
		A7DDC62094F04F6571282937 /* [CP] Embed Pods Frameworks */ = {
			isa = PBXShellScriptBuildPhase;
			buildActionMask = 2147483647;
			files = (
			);
			inputPaths = (
				"${SRCROOT}/Pods/Target Support Files/Pods-Todoey3/Pods-Todoey3-frameworks.sh",
				"${BUILT_PRODUCTS_DIR}/Realm/Realm.framework",
				"${BUILT_PRODUCTS_DIR}/RealmSwift/RealmSwift.framework",
			);
			name = "[CP] Embed Pods Frameworks";
			outputPaths = (
				"${TARGET_BUILD_DIR}/${FRAMEWORKS_FOLDER_PATH}/Realm.framework",
				"${TARGET_BUILD_DIR}/${FRAMEWORKS_FOLDER_PATH}/RealmSwift.framework",
			);
			runOnlyForDeploymentPostprocessing = 0;
			shellPath = /bin/sh;
			shellScript = "\"${SRCROOT}/Pods/Target Support Files/Pods-Todoey3/Pods-Todoey3-frameworks.sh\"\n";
			showEnvVarsInLog = 0;
		};
		BA7FF1717CA7222C3A223C32 /* [CP] Check Pods Manifest.lock */ = {
			isa = PBXShellScriptBuildPhase;
			buildActionMask = 2147483647;
			files = (
			);
			inputPaths = (
				"${PODS_PODFILE_DIR_PATH}/Podfile.lock",
				"${PODS_ROOT}/Manifest.lock",
			);
			name = "[CP] Check Pods Manifest.lock";
			outputPaths = (
				"$(DERIVED_FILE_DIR)/Pods-Todoey3-checkManifestLockResult.txt",
			);
			runOnlyForDeploymentPostprocessing = 0;
			shellPath = /bin/sh;
			shellScript = "diff \"${PODS_PODFILE_DIR_PATH}/Podfile.lock\" \"${PODS_ROOT}/Manifest.lock\" > /dev/null\nif [ $? != 0 ] ; then\n    # print error to STDERR\n    echo \"error: The sandbox is not in sync with the Podfile.lock. Run 'pod install' or update your CocoaPods installation.\" >&2\n    exit 1\nfi\n# This output is used by Xcode 'outputs' to avoid re-running this script phase.\necho \"SUCCESS\" > \"${SCRIPT_OUTPUT_FILE_0}\"\n";
			showEnvVarsInLog = 0;
		};
/* End PBXShellScriptBuildPhase section */

/* Begin PBXSourcesBuildPhase section */
		C7549A6720A0F11400D5F8D5 /* Sources */ = {
			isa = PBXSourcesBuildPhase;
			buildActionMask = 2147483647;
			files = (
				C75F84CF20B37F6F0023E44D /* Item.swift in Sources */,
				C733C49020B0B9840057D30A /* CategoryViewController.swift in Sources */,
				C7549A7120A0F11400D5F8D5 /* TodoListViewController.swift in Sources */,
				C7549A6F20A0F11400D5F8D5 /* AppDelegate.swift in Sources */,
				C75F84D120B37F7D0023E44D /* Category.swift in Sources */,
			);
			runOnlyForDeploymentPostprocessing = 0;
		};
/* End PBXSourcesBuildPhase section */

/* Begin PBXVariantGroup section */
		C7549A7220A0F11400D5F8D5 /* Main.storyboard */ = {
			isa = PBXVariantGroup;
			children = (
				C7549A7320A0F11400D5F8D5 /* Base */,
			);
			name = Main.storyboard;
			sourceTree = "<group>";
		};
		C7549A7720A0F11400D5F8D5 /* LaunchScreen.storyboard */ = {
			isa = PBXVariantGroup;
			children = (
				C7549A7820A0F11400D5F8D5 /* Base */,
			);
			name = LaunchScreen.storyboard;
			sourceTree = "<group>";
		};
/* End PBXVariantGroup section */

/* Begin XCBuildConfiguration section */
		C7549A7B20A0F11400D5F8D5 /* Debug */ = {
			isa = XCBuildConfiguration;
			buildSettings = {
				ALWAYS_SEARCH_USER_PATHS = NO;
				CLANG_ANALYZER_NONNULL = YES;
				CLANG_ANALYZER_NUMBER_OBJECT_CONVERSION = YES_AGGRESSIVE;
				CLANG_CXX_LANGUAGE_STANDARD = "gnu++14";
				CLANG_CXX_LIBRARY = "libc++";
				CLANG_ENABLE_MODULES = YES;
				CLANG_ENABLE_OBJC_ARC = YES;
				CLANG_WARN_BLOCK_CAPTURE_AUTORELEASING = YES;
				CLANG_WARN_BOOL_CONVERSION = YES;
				CLANG_WARN_COMMA = YES;
				CLANG_WARN_CONSTANT_CONVERSION = YES;
				CLANG_WARN_DEPRECATED_OBJC_IMPLEMENTATIONS = YES;
				CLANG_WARN_DIRECT_OBJC_ISA_USAGE = YES_ERROR;
				CLANG_WARN_DOCUMENTATION_COMMENTS = YES;
				CLANG_WARN_EMPTY_BODY = YES;
				CLANG_WARN_ENUM_CONVERSION = YES;
				CLANG_WARN_INFINITE_RECURSION = YES;
				CLANG_WARN_INT_CONVERSION = YES;
				CLANG_WARN_NON_LITERAL_NULL_CONVERSION = YES;
				CLANG_WARN_OBJC_IMPLICIT_RETAIN_SELF = YES;
				CLANG_WARN_OBJC_LITERAL_CONVERSION = YES;
				CLANG_WARN_OBJC_ROOT_CLASS = YES_ERROR;
				CLANG_WARN_RANGE_LOOP_ANALYSIS = YES;
				CLANG_WARN_STRICT_PROTOTYPES = YES;
				CLANG_WARN_SUSPICIOUS_MOVE = YES;
				CLANG_WARN_UNGUARDED_AVAILABILITY = YES_AGGRESSIVE;
				CLANG_WARN_UNREACHABLE_CODE = YES;
				CLANG_WARN__DUPLICATE_METHOD_MATCH = YES;
				CODE_SIGN_IDENTITY = "iPhone Developer";
				COPY_PHASE_STRIP = NO;
				DEBUG_INFORMATION_FORMAT = dwarf;
				ENABLE_STRICT_OBJC_MSGSEND = YES;
				ENABLE_TESTABILITY = YES;
				GCC_C_LANGUAGE_STANDARD = gnu11;
				GCC_DYNAMIC_NO_PIC = NO;
				GCC_NO_COMMON_BLOCKS = YES;
				GCC_OPTIMIZATION_LEVEL = 0;
				GCC_PREPROCESSOR_DEFINITIONS = (
					"DEBUG=1",
					"$(inherited)",
				);
				GCC_WARN_64_TO_32_BIT_CONVERSION = YES;
				GCC_WARN_ABOUT_RETURN_TYPE = YES_ERROR;
				GCC_WARN_UNDECLARED_SELECTOR = YES;
				GCC_WARN_UNINITIALIZED_AUTOS = YES_AGGRESSIVE;
				GCC_WARN_UNUSED_FUNCTION = YES;
				GCC_WARN_UNUSED_VARIABLE = YES;
				IPHONEOS_DEPLOYMENT_TARGET = 11.2;
				MTL_ENABLE_DEBUG_INFO = YES;
				ONLY_ACTIVE_ARCH = YES;
				SDKROOT = iphoneos;
				SWIFT_ACTIVE_COMPILATION_CONDITIONS = DEBUG;
				SWIFT_OPTIMIZATION_LEVEL = "-Onone";
			};
			name = Debug;
		};
		C7549A7C20A0F11400D5F8D5 /* Release */ = {
			isa = XCBuildConfiguration;
			buildSettings = {
				ALWAYS_SEARCH_USER_PATHS = NO;
				CLANG_ANALYZER_NONNULL = YES;
				CLANG_ANALYZER_NUMBER_OBJECT_CONVERSION = YES_AGGRESSIVE;
				CLANG_CXX_LANGUAGE_STANDARD = "gnu++14";
				CLANG_CXX_LIBRARY = "libc++";
				CLANG_ENABLE_MODULES = YES;
				CLANG_ENABLE_OBJC_ARC = YES;
				CLANG_WARN_BLOCK_CAPTURE_AUTORELEASING = YES;
				CLANG_WARN_BOOL_CONVERSION = YES;
				CLANG_WARN_COMMA = YES;
				CLANG_WARN_CONSTANT_CONVERSION = YES;
				CLANG_WARN_DEPRECATED_OBJC_IMPLEMENTATIONS = YES;
				CLANG_WARN_DIRECT_OBJC_ISA_USAGE = YES_ERROR;
				CLANG_WARN_DOCUMENTATION_COMMENTS = YES;
				CLANG_WARN_EMPTY_BODY = YES;
				CLANG_WARN_ENUM_CONVERSION = YES;
				CLANG_WARN_INFINITE_RECURSION = YES;
				CLANG_WARN_INT_CONVERSION = YES;
				CLANG_WARN_NON_LITERAL_NULL_CONVERSION = YES;
				CLANG_WARN_OBJC_IMPLICIT_RETAIN_SELF = YES;
				CLANG_WARN_OBJC_LITERAL_CONVERSION = YES;
				CLANG_WARN_OBJC_ROOT_CLASS = YES_ERROR;
				CLANG_WARN_RANGE_LOOP_ANALYSIS = YES;
				CLANG_WARN_STRICT_PROTOTYPES = YES;
				CLANG_WARN_SUSPICIOUS_MOVE = YES;
				CLANG_WARN_UNGUARDED_AVAILABILITY = YES_AGGRESSIVE;
				CLANG_WARN_UNREACHABLE_CODE = YES;
				CLANG_WARN__DUPLICATE_METHOD_MATCH = YES;
				CODE_SIGN_IDENTITY = "iPhone Developer";
				COPY_PHASE_STRIP = NO;
				DEBUG_INFORMATION_FORMAT = "dwarf-with-dsym";
				ENABLE_NS_ASSERTIONS = NO;
				ENABLE_STRICT_OBJC_MSGSEND = YES;
				GCC_C_LANGUAGE_STANDARD = gnu11;
				GCC_NO_COMMON_BLOCKS = YES;
				GCC_WARN_64_TO_32_BIT_CONVERSION = YES;
				GCC_WARN_ABOUT_RETURN_TYPE = YES_ERROR;
				GCC_WARN_UNDECLARED_SELECTOR = YES;
				GCC_WARN_UNINITIALIZED_AUTOS = YES_AGGRESSIVE;
				GCC_WARN_UNUSED_FUNCTION = YES;
				GCC_WARN_UNUSED_VARIABLE = YES;
				IPHONEOS_DEPLOYMENT_TARGET = 11.2;
				MTL_ENABLE_DEBUG_INFO = NO;
				SDKROOT = iphoneos;
				SWIFT_OPTIMIZATION_LEVEL = "-Owholemodule";
				VALIDATE_PRODUCT = YES;
			};
			name = Release;
		};
		C7549A7E20A0F11400D5F8D5 /* Debug */ = {
			isa = XCBuildConfiguration;
			baseConfigurationReference = 08256E7279D0A7BDD5FCA848 /* Pods-Todoey3.debug.xcconfig */;
			buildSettings = {
				ASSETCATALOG_COMPILER_APPICON_NAME = AppIcon;
				CODE_SIGN_STYLE = Automatic;
				INFOPLIST_FILE = Todoey3/Info.plist;
				LD_RUNPATH_SEARCH_PATHS = "$(inherited) @executable_path/Frameworks";
				PRODUCT_BUNDLE_IDENTIFIER = com.cleverlyboosted.NutriCoach.Todoey3;
				PRODUCT_NAME = "$(TARGET_NAME)";
				SWIFT_VERSION = 4.0;
				TARGETED_DEVICE_FAMILY = "1,2";
			};
			name = Debug;
		};
		C7549A7F20A0F11400D5F8D5 /* Release */ = {
			isa = XCBuildConfiguration;
			baseConfigurationReference = 388CB4B083ADBB7EBAD1E561 /* Pods-Todoey3.release.xcconfig */;
			buildSettings = {
				ASSETCATALOG_COMPILER_APPICON_NAME = AppIcon;
				CODE_SIGN_STYLE = Automatic;
				INFOPLIST_FILE = Todoey3/Info.plist;
				LD_RUNPATH_SEARCH_PATHS = "$(inherited) @executable_path/Frameworks";
				PRODUCT_BUNDLE_IDENTIFIER = com.cleverlyboosted.NutriCoach.Todoey3;
				PRODUCT_NAME = "$(TARGET_NAME)";
				SWIFT_VERSION = 4.0;
				TARGETED_DEVICE_FAMILY = "1,2";
			};
			name = Release;
		};
/* End XCBuildConfiguration section */

/* Begin XCConfigurationList section */
		C7549A6620A0F11400D5F8D5 /* Build configuration list for PBXProject "Todoey3" */ = {
			isa = XCConfigurationList;
			buildConfigurations = (
				C7549A7B20A0F11400D5F8D5 /* Debug */,
				C7549A7C20A0F11400D5F8D5 /* Release */,
			);
			defaultConfigurationIsVisible = 0;
			defaultConfigurationName = Release;
		};
		C7549A7D20A0F11400D5F8D5 /* Build configuration list for PBXNativeTarget "Todoey3" */ = {
			isa = XCConfigurationList;
			buildConfigurations = (
				C7549A7E20A0F11400D5F8D5 /* Debug */,
				C7549A7F20A0F11400D5F8D5 /* Release */,
			);
			defaultConfigurationIsVisible = 0;
			defaultConfigurationName = Release;
		};
/* End XCConfigurationList section */
	};
	rootObject = C7549A6320A0F11400D5F8D5 /* Project object */;
}
